
Microsoft Visual Studio Solution File, Format Version 12.00
# Visual Studio Version 17
VisualStudioVersion = 17.9.34723.18
MinimumVisualStudioVersion = 10.0.40219.1
Project("{888888A0-9F3D-457C-B088-3A5042F75D52}") = "app1", "app1.pyproj", "{E37CDA1A-8874-4C31-9B08-BA3E1A4F42E8}"
EndProject
Global
	GlobalSection(SolutionConfigurationPlatforms) = preSolution
		Debug|Any CPU = Debug|Any CPU
		Release|Any CPU = Release|Any CPU
	EndGlobalSection
	GlobalSection(ProjectConfigurationPlatforms) = postSolution
		{E37CDA1A-8874-4C31-9B08-BA3E1A4F42E8}.Debug|Any CPU.ActiveCfg = Debug|Any CPU
		{E37CDA1A-8874-4C31-9B08-BA3E1A4F42E8}.Release|Any CPU.ActiveCfg = Release|Any CPU
	EndGlobalSection
	GlobalSection(SolutionProperties) = preSolution
		HideSolutionNode = FALSE
	EndGlobalSection
	GlobalSection(ExtensibilityGlobals) = postSolution
		SolutionGuid = {5AE13C68-6A95-4B2B-A9F7-B13B71EE0041}
	EndGlobalSection
EndGlobal
